{
  "name": "tung.nt",
  "lockfileVersion": 2,
  "requires": true,
  "packages": {
    "": {
      "dependencies": {
        "@grapecity/spread-excelio": "^15.2.5",
        "@grapecity/spread-sheets": "^15.2.5",
        "@tinymce/tinymce-jquery": "^2.0.0",
        "fs-extra": "^10.1.0",
        "jquery": "^3.6.1",
        "tinymce": "^6.2.0"
      }
    },
    "node_modules/@grapecity/spread-excelio": {
      "version": "15.2.5",
      "resolved": "https://registry.npmjs.org/@grapecity/spread-excelio/-/spread-excelio-15.2.5.tgz",
      "integrity": "sha512-rWN5cu5DL0l1zue8h1cu2Xo35XaijniljPA1ly+PGRNyaL0URrlaE+SNfcAnr3mGyTJoIZXbXvyoGpjuiMF8+A==",
      "dependencies": {
        "@grapecity/spread-sheets": "15.2.5"
      }
    },
    "node_modules/@grapecity/spread-sheets": {
      "version": "15.2.5",
      "resolved": "https://registry.npmjs.org/@grapecity/spread-sheets/-/spread-sheets-15.2.5.tgz",
      "integrity": "sha512-3FEiTaC+b595bBATGp/q7TB08gJ5Bqpj8fnzZfM7EjbQ+1EsM8oXK4UlKxOuyOTd9zb1rqAky0YFMBr8PeQnEA=="
    },
    "node_modules/@tinymce/tinymce-jquery": {
      "version": "2.0.0",
      "resolved": "https://registry.npmjs.org/@tinymce/tinymce-jquery/-/tinymce-jquery-2.0.0.tgz",
      "integrity": "sha512-afxm4UVIsi8roxyFiZu+SX4pARyYRWDw3XsMFu4E2eQwuTNpO+jA7qdbqCx3zzcl68clie4jAPmxSUUiJMabEQ=="
    },
    "node_modules/fs-extra": {
      "version": "10.1.0",
      "resolved": "https://registry.npmjs.org/fs-extra/-/fs-extra-10.1.0.tgz",
      "integrity": "sha512-oRXApq54ETRj4eMiFzGnHWGy+zo5raudjuxN0b8H7s/RU2oW0Wvsx9O0ACRN/kRq9E8Vu/ReskGB5o3ji+FzHQ==",
      "dependencies": {
        "graceful-fs": "^4.2.0",
        "jsonfile": "^6.0.1",
        "universalify": "^2.0.0"
      },
      "engines": {
        "node": ">=12"
      }
    },
    "node_modules/graceful-fs": {
      "version": "4.2.10",
      "resolved": "https://registry.npmjs.org/graceful-fs/-/graceful-fs-4.2.10.tgz",
      "integrity": "sha512-9ByhssR2fPVsNZj478qUUbKfmL0+t5BDVyjShtyZZLiK7ZDAArFFfopyOTj0M05wE2tJPisA4iTnnXl2YoPvOA=="
    },
    "node_modules/jquery": {
      "version": "3.6.1",
      "resolved": "https://registry.npmjs.org/jquery/-/jquery-3.6.1.tgz",
      "integrity": "sha512-opJeO4nCucVnsjiXOE+/PcCgYw9Gwpvs/a6B1LL/lQhwWwpbVEVYDZ1FokFr8PRc7ghYlrFPuyHuiiDNTQxmcw=="
    },
    "node_modules/jsonfile": {
      "version": "6.1.0",
      "resolved": "https://registry.npmjs.org/jsonfile/-/jsonfile-6.1.0.tgz",
      "integrity": "sha512-5dgndWOriYSm5cnYaJNhalLNDKOqFwyDB/rr1E9ZsGciGvKPs8R2xYGCacuf3z6K1YKDz182fd+fY3cn3pMqXQ==",
      "dependencies": {
        "universalify": "^2.0.0"
      },
      "optionalDependencies": {
        "graceful-fs": "^4.1.6"
      }
    },
    "node_modules/tinymce": {
      "version": "6.2.0",
      "resolved": "https://registry.npmjs.org/tinymce/-/tinymce-6.2.0.tgz",
      "integrity": "sha512-zLjbFrg0hbtJ6PxmZUjQY6zyIOM/mLrWGTvhBec7XwYwoW1E0xXMQzy2tgMTh3OvJpsclgqf2ZMjmwcv4Cludw=="
    },
    "node_modules/universalify": {
      "version": "2.0.0",
      "resolved": "https://registry.npmjs.org/universalify/-/universalify-2.0.0.tgz",
      "integrity": "sha512-hAZsKq7Yy11Zu1DE0OzWjw7nnLZmJZYTDZZyEFHZdUhV8FkH5MCfoU1XMaxXovpyW5nq5scPqq0ZDP9Zyl04oQ==",
      "engines": {
        "node": ">= 10.0.0"
      }
    }
  },
  "dependencies": {
    "@grapecity/spread-excelio": {
      "version": "15.2.5",
      "resolved": "https://registry.npmjs.org/@grapecity/spread-excelio/-/spread-excelio-15.2.5.tgz",
      "integrity": "sha512-rWN5cu5DL0l1zue8h1cu2Xo35XaijniljPA1ly+PGRNyaL0URrlaE+SNfcAnr3mGyTJoIZXbXvyoGpjuiMF8+A==",
      "requires": {
        "@grapecity/spread-sheets": "15.2.5"
      }
    },
    "@grapecity/spread-sheets": {
      "version": "15.2.5",
      "resolved": "https://registry.npmjs.org/@grapecity/spread-sheets/-/spread-sheets-15.2.5.tgz",
      "integrity": "sha512-3FEiTaC+b595bBATGp/q7TB08gJ5Bqpj8fnzZfM7EjbQ+1EsM8oXK4UlKxOuyOTd9zb1rqAky0YFMBr8PeQnEA=="
    },
    "@tinymce/tinymce-jquery": {
      "version": "2.0.0",
      "resolved": "https://registry.npmjs.org/@tinymce/tinymce-jquery/-/tinymce-jquery-2.0.0.tgz",
      "integrity": "sha512-afxm4UVIsi8roxyFiZu+SX4pARyYRWDw3XsMFu4E2eQwuTNpO+jA7qdbqCx3zzcl68clie4jAPmxSUUiJMabEQ=="
    },
    "fs-extra": {
      "version": "10.1.0",
      "resolved": "https://registry.npmjs.org/fs-extra/-/fs-extra-10.1.0.tgz",
      "integrity": "sha512-oRXApq54ETRj4eMiFzGnHWGy+zo5raudjuxN0b8H7s/RU2oW0Wvsx9O0ACRN/kRq9E8Vu/ReskGB5o3ji+FzHQ==",
      "requires": {
        "graceful-fs": "^4.2.0",
        "jsonfile": "^6.0.1",
        "universalify": "^2.0.0"
      }
    },
    "graceful-fs": {
      "version": "4.2.10",
      "resolved": "https://registry.npmjs.org/graceful-fs/-/graceful-fs-4.2.10.tgz",
      "integrity": "sha512-9ByhssR2fPVsNZj478qUUbKfmL0+t5BDVyjShtyZZLiK7ZDAArFFfopyOTj0M05wE2tJPisA4iTnnXl2YoPvOA=="
    },
    "jquery": {
      "version": "3.6.1",
      "resolved": "https://registry.npmjs.org/jquery/-/jquery-3.6.1.tgz",
      "integrity": "sha512-opJeO4nCucVnsjiXOE+/PcCgYw9Gwpvs/a6B1LL/lQhwWwpbVEVYDZ1FokFr8PRc7ghYlrFPuyHuiiDNTQxmcw=="
    },
    "jsonfile": {
      "version": "6.1.0",
      "resolved": "https://registry.npmjs.org/jsonfile/-/jsonfile-6.1.0.tgz",
      "integrity": "sha512-5dgndWOriYSm5cnYaJNhalLNDKOqFwyDB/rr1E9ZsGciGvKPs8R2xYGCacuf3z6K1YKDz182fd+fY3cn3pMqXQ==",
      "requires": {
        "graceful-fs": "^4.1.6",
        "universalify": "^2.0.0"
      }
    },
    "tinymce": {
      "version": "6.2.0",
      "resolved": "https://registry.npmjs.org/tinymce/-/tinymce-6.2.0.tgz",
      "integrity": "sha512-zLjbFrg0hbtJ6PxmZUjQY6zyIOM/mLrWGTvhBec7XwYwoW1E0xXMQzy2tgMTh3OvJpsclgqf2ZMjmwcv4Cludw=="
    },
    "universalify": {
      "version": "2.0.0",
      "resolved": "https://registry.npmjs.org/universalify/-/universalify-2.0.0.tgz",
      "integrity": "sha512-hAZsKq7Yy11Zu1DE0OzWjw7nnLZmJZYTDZZyEFHZdUhV8FkH5MCfoU1XMaxXovpyW5nq5scPqq0ZDP9Zyl04oQ=="
    }
  }
}
